{
    "version": 3,
    "terraform_version": "0.11.7",
    "serial": 12,
    "lineage": "1c0d51a4-0aad-03a7-d900-ad5daf40f9b9",
    "modules": [
        {
            "path": [
                "root"
            ],
            "outputs": {
                "aws_instance_public_dns": {
                    "sensitive": false,
                    "type": "list",
                    "value": [
                        "ec2-35-153-132-116.compute-1.amazonaws.com",
                        "ec2-107-20-105-46.compute-1.amazonaws.com"
                    ]
                }
            },
            "resources": {
                "aws_instance.nginx.0": {
                    "type": "aws_instance",
                    "depends_on": [
                        "aws_security_group.sshrules",
                        "data.aws_subnet_ids.subnetlist"
                    ],
                    "primary": {
                        "id": "i-0795a57bc3a673be6",
                        "attributes": {
                            "ami": "ami-00222e7b",
                            "associate_public_ip_address": "true",
                            "availability_zone": "us-east-1b",
                            "credit_specification.#": "1",
                            "credit_specification.0.cpu_credits": "standard",
                            "disable_api_termination": "false",
                            "ebs_block_device.#": "0",
                            "ebs_optimized": "false",
                            "ephemeral_block_device.#": "0",
                            "get_password_data": "false",
                            "iam_instance_profile": "",
                            "id": "i-0795a57bc3a673be6",
                            "instance_state": "running",
                            "instance_type": "t2.micro",
                            "ipv6_addresses.#": "0",
                            "key_name": "learnterraformvimal",
                            "monitoring": "false",
                            "network_interface.#": "0",
                            "network_interface_id": "eni-7e490140",
                            "password_data": "",
                            "placement_group": "",
                            "primary_network_interface_id": "eni-7e490140",
                            "private_dns": "ip-10-1-1-54.ec2.internal",
                            "private_ip": "10.1.1.54",
                            "public_dns": "ec2-35-153-132-116.compute-1.amazonaws.com",
                            "public_ip": "35.153.132.116",
                            "root_block_device.#": "1",
                            "root_block_device.0.delete_on_termination": "true",
                            "root_block_device.0.iops": "100",
                            "root_block_device.0.volume_id": "vol-03810c116ffeeb56a",
                            "root_block_device.0.volume_size": "8",
                            "root_block_device.0.volume_type": "gp2",
                            "security_groups.#": "0",
                            "source_dest_check": "true",
                            "subnet_id": "subnet-65943239",
                            "tags.%": "1",
                            "tags.Name": "First Nginx Machine",
                            "tenancy": "default",
                            "volume_tags.%": "0",
                            "vpc_security_group_ids.#": "1",
                            "vpc_security_group_ids.1282538955": "sg-bb4c08f0"
                        },
                        "meta": {
                            "e2bfb730-ecaa-11e6-8f88-34363bc7c4c0": {
                                "create": 600000000000,
                                "delete": 1200000000000,
                                "update": 600000000000
                            },
                            "schema_version": "1"
                        },
                        "tainted": false
                    },
                    "deposed": [],
                    "provider": "provider.aws"
                },
                "aws_instance.nginx.1": {
                    "type": "aws_instance",
                    "depends_on": [
                        "aws_security_group.sshrules",
                        "data.aws_subnet_ids.subnetlist"
                    ],
                    "primary": {
                        "id": "i-0d2db722019b929a9",
                        "attributes": {
                            "ami": "ami-00222e7b",
                            "associate_public_ip_address": "true",
                            "availability_zone": "us-east-1a",
                            "credit_specification.#": "1",
                            "credit_specification.0.cpu_credits": "standard",
                            "disable_api_termination": "false",
                            "ebs_block_device.#": "0",
                            "ebs_optimized": "false",
                            "ephemeral_block_device.#": "0",
                            "get_password_data": "false",
                            "iam_instance_profile": "",
                            "id": "i-0d2db722019b929a9",
                            "instance_state": "running",
                            "instance_type": "t2.micro",
                            "ipv6_addresses.#": "0",
                            "key_name": "learnterraformvimal",
                            "monitoring": "false",
                            "network_interface.#": "0",
                            "network_interface_id": "eni-b3285fd6",
                            "password_data": "",
                            "placement_group": "",
                            "primary_network_interface_id": "eni-b3285fd6",
                            "private_dns": "ip-10-1-0-146.ec2.internal",
                            "private_ip": "10.1.0.146",
                            "public_dns": "ec2-107-20-105-46.compute-1.amazonaws.com",
                            "public_ip": "107.20.105.46",
                            "root_block_device.#": "1",
                            "root_block_device.0.delete_on_termination": "true",
                            "root_block_device.0.iops": "100",
                            "root_block_device.0.volume_id": "vol-03e63865ff82a82d3",
                            "root_block_device.0.volume_size": "8",
                            "root_block_device.0.volume_type": "gp2",
                            "security_groups.#": "0",
                            "source_dest_check": "true",
                            "subnet_id": "subnet-d2750098",
                            "tags.%": "1",
                            "tags.Name": "First Nginx Machine",
                            "tenancy": "default",
                            "volume_tags.%": "0",
                            "vpc_security_group_ids.#": "1",
                            "vpc_security_group_ids.1282538955": "sg-bb4c08f0"
                        },
                        "meta": {
                            "e2bfb730-ecaa-11e6-8f88-34363bc7c4c0": {
                                "create": 600000000000,
                                "delete": 1200000000000,
                                "update": 600000000000
                            },
                            "schema_version": "1"
                        },
                        "tainted": false
                    },
                    "deposed": [],
                    "provider": "provider.aws"
                },
                "aws_internet_gateway.igw": {
                    "type": "aws_internet_gateway",
                    "depends_on": [
                        "aws_vpc.main_vpc"
                    ],
                    "primary": {
                        "id": "igw-c5eac9bd",
                        "attributes": {
                            "id": "igw-c5eac9bd",
                            "tags.%": "0",
                            "vpc_id": "vpc-3147ae4b"
                        },
                        "meta": {},
                        "tainted": false
                    },
                    "deposed": [],
                    "provider": "provider.aws"
                },
                "aws_route_table.rtb": {
                    "type": "aws_route_table",
                    "depends_on": [
                        "aws_internet_gateway.igw",
                        "aws_vpc.main_vpc"
                    ],
                    "primary": {
                        "id": "rtb-5d4cef22",
                        "attributes": {
                            "id": "rtb-5d4cef22",
                            "propagating_vgws.#": "0",
                            "route.#": "1",
                            "route.69567534.cidr_block": "0.0.0.0/0",
                            "route.69567534.egress_only_gateway_id": "",
                            "route.69567534.gateway_id": "igw-c5eac9bd",
                            "route.69567534.instance_id": "",
                            "route.69567534.ipv6_cidr_block": "",
                            "route.69567534.nat_gateway_id": "",
                            "route.69567534.network_interface_id": "",
                            "route.69567534.vpc_peering_connection_id": "",
                            "tags.%": "0",
                            "vpc_id": "vpc-3147ae4b"
                        },
                        "meta": {},
                        "tainted": false
                    },
                    "deposed": [],
                    "provider": "provider.aws"
                },
                "aws_route_table_association.rta-subnet1": {
                    "type": "aws_route_table_association",
                    "depends_on": [
                        "aws_route_table.rtb",
                        "aws_subnet.primary"
                    ],
                    "primary": {
                        "id": "rtbassoc-6315e61d",
                        "attributes": {
                            "id": "rtbassoc-6315e61d",
                            "route_table_id": "rtb-5d4cef22",
                            "subnet_id": "subnet-d2750098"
                        },
                        "meta": {},
                        "tainted": false
                    },
                    "deposed": [],
                    "provider": "provider.aws"
                },
                "aws_route_table_association.rta-subnet2": {
                    "type": "aws_route_table_association",
                    "depends_on": [
                        "aws_route_table.rtb",
                        "aws_subnet.secondary"
                    ],
                    "primary": {
                        "id": "rtbassoc-7a19ea04",
                        "attributes": {
                            "id": "rtbassoc-7a19ea04",
                            "route_table_id": "rtb-5d4cef22",
                            "subnet_id": "subnet-65943239"
                        },
                        "meta": {},
                        "tainted": false
                    },
                    "deposed": [],
                    "provider": "provider.aws"
                },
                "aws_security_group.aws_elb_sg": {
                    "type": "aws_security_group",
                    "depends_on": [
                        "aws_vpc.main_vpc"
                    ],
                    "primary": {
                        "id": "sg-7d4c0836",
                        "attributes": {
                            "arn": "arn:aws:ec2:us-east-1:773747394912:security-group/sg-7d4c0836",
                            "description": "security group rules for elb",
                            "egress.#": "1",
                            "egress.482069346.cidr_blocks.#": "1",
                            "egress.482069346.cidr_blocks.0": "0.0.0.0/0",
                            "egress.482069346.description": "",
                            "egress.482069346.from_port": "0",
                            "egress.482069346.ipv6_cidr_blocks.#": "0",
                            "egress.482069346.prefix_list_ids.#": "0",
                            "egress.482069346.protocol": "-1",
                            "egress.482069346.security_groups.#": "0",
                            "egress.482069346.self": "false",
                            "egress.482069346.to_port": "0",
                            "id": "sg-7d4c0836",
                            "ingress.#": "1",
                            "ingress.2214680975.cidr_blocks.#": "1",
                            "ingress.2214680975.cidr_blocks.0": "0.0.0.0/0",
                            "ingress.2214680975.description": "",
                            "ingress.2214680975.from_port": "80",
                            "ingress.2214680975.ipv6_cidr_blocks.#": "0",
                            "ingress.2214680975.protocol": "tcp",
                            "ingress.2214680975.security_groups.#": "0",
                            "ingress.2214680975.self": "false",
                            "ingress.2214680975.to_port": "80",
                            "name": "elbsecuritygroup",
                            "owner_id": "773747394912",
                            "revoke_rules_on_delete": "false",
                            "tags.%": "0",
                            "vpc_id": "vpc-3147ae4b"
                        },
                        "meta": {
                            "e2bfb730-ecaa-11e6-8f88-34363bc7c4c0": {
                                "create": 600000000000,
                                "delete": 600000000000
                            },
                            "schema_version": "1"
                        },
                        "tainted": false
                    },
                    "deposed": [],
                    "provider": "provider.aws"
                },
                "aws_security_group.sshrules": {
                    "type": "aws_security_group",
                    "depends_on": [
                        "aws_vpc.main_vpc"
                    ],
                    "primary": {
                        "id": "sg-bb4c08f0",
                        "attributes": {
                            "arn": "arn:aws:ec2:us-east-1:773747394912:security-group/sg-bb4c08f0",
                            "description": "Allow SSH inbound traffic",
                            "egress.#": "1",
                            "egress.482069346.cidr_blocks.#": "1",
                            "egress.482069346.cidr_blocks.0": "0.0.0.0/0",
                            "egress.482069346.description": "",
                            "egress.482069346.from_port": "0",
                            "egress.482069346.ipv6_cidr_blocks.#": "0",
                            "egress.482069346.prefix_list_ids.#": "0",
                            "egress.482069346.protocol": "-1",
                            "egress.482069346.security_groups.#": "0",
                            "egress.482069346.self": "false",
                            "egress.482069346.to_port": "0",
                            "id": "sg-bb4c08f0",
                            "ingress.#": "2",
                            "ingress.2524386204.cidr_blocks.#": "1",
                            "ingress.2524386204.cidr_blocks.0": "10.1.0.0/16",
                            "ingress.2524386204.description": "",
                            "ingress.2524386204.from_port": "80",
                            "ingress.2524386204.ipv6_cidr_blocks.#": "0",
                            "ingress.2524386204.protocol": "tcp",
                            "ingress.2524386204.security_groups.#": "0",
                            "ingress.2524386204.self": "false",
                            "ingress.2524386204.to_port": "80",
                            "ingress.2541437006.cidr_blocks.#": "1",
                            "ingress.2541437006.cidr_blocks.0": "0.0.0.0/0",
                            "ingress.2541437006.description": "",
                            "ingress.2541437006.from_port": "22",
                            "ingress.2541437006.ipv6_cidr_blocks.#": "0",
                            "ingress.2541437006.protocol": "tcp",
                            "ingress.2541437006.security_groups.#": "0",
                            "ingress.2541437006.self": "false",
                            "ingress.2541437006.to_port": "22",
                            "name": "sshallow",
                            "owner_id": "773747394912",
                            "revoke_rules_on_delete": "false",
                            "tags.%": "0",
                            "vpc_id": "vpc-3147ae4b"
                        },
                        "meta": {
                            "e2bfb730-ecaa-11e6-8f88-34363bc7c4c0": {
                                "create": 600000000000,
                                "delete": 600000000000
                            },
                            "schema_version": "1"
                        },
                        "tainted": false
                    },
                    "deposed": [],
                    "provider": "provider.aws"
                },
                "aws_subnet.primary": {
                    "type": "aws_subnet",
                    "depends_on": [
                        "aws_vpc.main_vpc",
                        "data.aws_availability_zones.available"
                    ],
                    "primary": {
                        "id": "subnet-d2750098",
                        "attributes": {
                            "assign_ipv6_address_on_creation": "false",
                            "availability_zone": "us-east-1a",
                            "cidr_block": "10.1.0.0/24",
                            "id": "subnet-d2750098",
                            "map_public_ip_on_launch": "true",
                            "tags.%": "0",
                            "vpc_id": "vpc-3147ae4b"
                        },
                        "meta": {
                            "schema_version": "1"
                        },
                        "tainted": false
                    },
                    "deposed": [],
                    "provider": "provider.aws"
                },
                "aws_subnet.secondary": {
                    "type": "aws_subnet",
                    "depends_on": [
                        "aws_vpc.main_vpc",
                        "data.aws_availability_zones.available"
                    ],
                    "primary": {
                        "id": "subnet-65943239",
                        "attributes": {
                            "assign_ipv6_address_on_creation": "false",
                            "availability_zone": "us-east-1b",
                            "cidr_block": "10.1.1.0/24",
                            "id": "subnet-65943239",
                            "map_public_ip_on_launch": "true",
                            "tags.%": "0",
                            "vpc_id": "vpc-3147ae4b"
                        },
                        "meta": {
                            "schema_version": "1"
                        },
                        "tainted": false
                    },
                    "deposed": [],
                    "provider": "provider.aws"
                },
                "aws_vpc.main_vpc": {
                    "type": "aws_vpc",
                    "depends_on": [],
                    "primary": {
                        "id": "vpc-3147ae4b",
                        "attributes": {
                            "assign_generated_ipv6_cidr_block": "false",
                            "cidr_block": "10.1.0.0/16",
                            "default_network_acl_id": "acl-49de8a33",
                            "default_route_table_id": "rtb-b143e0ce",
                            "default_security_group_id": "sg-963a7edd",
                            "dhcp_options_id": "dopt-1bab117c",
                            "enable_classiclink": "false",
                            "enable_classiclink_dns_support": "false",
                            "enable_dns_hostnames": "true",
                            "enable_dns_support": "true",
                            "id": "vpc-3147ae4b",
                            "instance_tenancy": "default",
                            "main_route_table_id": "rtb-b143e0ce",
                            "tags.%": "0"
                        },
                        "meta": {
                            "schema_version": "1"
                        },
                        "tainted": false
                    },
                    "deposed": [],
                    "provider": "provider.aws"
                },
                "data.aws_availability_zones.available": {
                    "type": "aws_availability_zones",
                    "depends_on": [],
                    "primary": {
                        "id": "2018-06-29 10:42:55.5397498 +0000 UTC",
                        "attributes": {
                            "id": "2018-06-29 10:42:55.5397498 +0000 UTC",
                            "names.#": "6",
                            "names.0": "us-east-1a",
                            "names.1": "us-east-1b",
                            "names.2": "us-east-1c",
                            "names.3": "us-east-1d",
                            "names.4": "us-east-1e",
                            "names.5": "us-east-1f"
                        },
                        "meta": {},
                        "tainted": false
                    },
                    "deposed": [],
                    "provider": "provider.aws"
                },
                "data.aws_subnet_ids.subnetlist": {
                    "type": "aws_subnet_ids",
                    "depends_on": [
                        "aws_vpc.main_vpc"
                    ],
                    "primary": {
                        "id": "vpc-3147ae4b",
                        "attributes": {
                            "id": "vpc-3147ae4b",
                            "ids.#": "2",
                            "ids.1162409657": "subnet-d2750098",
                            "ids.207607760": "subnet-65943239",
                            "vpc_id": "vpc-3147ae4b"
                        },
                        "meta": {},
                        "tainted": false
                    },
                    "deposed": [],
                    "provider": "provider.aws"
                },
                "null_resource.shellexecution.0": {
                    "type": "null_resource",
                    "depends_on": [
                        "aws_instance.nginx.*"
                    ],
                    "primary": {
                        "id": "5750626720221650164",
                        "attributes": {
                            "id": "5750626720221650164",
                            "triggers.%": "1",
                            "triggers.key": "a5fea9eb-60d9-d697-7610-8ce7ea276db6"
                        },
                        "meta": {},
                        "tainted": false
                    },
                    "deposed": [],
                    "provider": "provider.null"
                },
                "null_resource.shellexecution.1": {
                    "type": "null_resource",
                    "depends_on": [
                        "aws_instance.nginx.*"
                    ],
                    "primary": {
                        "id": "8482723208505660078",
                        "attributes": {
                            "id": "8482723208505660078",
                            "triggers.%": "1",
                            "triggers.key": "f8f44486-03be-5c7c-bcd6-34d728e04436"
                        },
                        "meta": {},
                        "tainted": false
                    },
                    "deposed": [],
                    "provider": "provider.null"
                }
            },
            "depends_on": []
        }
    ]
}
